
Microsoft Visual Studio Solution File, Format Version 12.00
# Visual Studio 15
VisualStudioVersion = 15.0.27004.2002
MinimumVisualStudioVersion = 10.0.40219.1
Project("{FAE04EC0-301F-11D3-BF4B-00C04F79EFBC}") = "PlainConcepts.WebDay", "PlainConcepts.WebDay\PlainConcepts.WebDay.csproj", "{BCF34658-9FAA-408B-96B7-0325A9E25BFD}"
EndProject
Global
	GlobalSection(SolutionConfigurationPlatforms) = preSolution
		Debug|Any CPU = Debug|Any CPU
		Release|Any CPU = Release|Any CPU
	EndGlobalSection
	GlobalSection(ProjectConfigurationPlatforms) = postSolution
		{BCF34658-9FAA-408B-96B7-0325A9E25BFD}.Debug|Any CPU.ActiveCfg = Debug|Any CPU
		{BCF34658-9FAA-408B-96B7-0325A9E25BFD}.Debug|Any CPU.Build.0 = Debug|Any CPU
		{BCF34658-9FAA-408B-96B7-0325A9E25BFD}.Release|Any CPU.ActiveCfg = Release|Any CPU
		{BCF34658-9FAA-408B-96B7-0325A9E25BFD}.Release|Any CPU.Build.0 = Release|Any CPU
	EndGlobalSection
	GlobalSection(SolutionProperties) = preSolution
		HideSolutionNode = FALSE
	EndGlobalSection
	GlobalSection(ExtensibilityGlobals) = postSolution
		SolutionGuid = {DBFD0A22-A1BD-4BFB-8DC8-989B697557B9}
	EndGlobalSection
EndGlobal
